# THIS IS AN AUTOGENERATED FILE. DO NOT EDIT THIS FILE DIRECTLY.
# yarn lockfile v1


"@types/luxon@*":
  version "3.0.0"
  resolved "https://registry.npmmirror.com/@types/luxon/-/luxon-3.0.0.tgz#47fb7891e41875fce7018a8bd3d09b204c5621f5"
  integrity sha512-Lx+EZoJxUKw4dp8uei9XiUVNlgkYmax5+ovqt6Xf3LzJOnWhlfJw/jLBmqfGVwOP/pDr4HT8bI1WtxK0IChMLw==

"@types/node@^18.7.11":
  version "18.7.11"
  resolved "https://registry.npmmirror.com/@types/node/-/node-18.7.11.tgz#486e72cfccde88da24e1f23ff1b7d8bfb64e6250"
  integrity sha512-KZhFpSLlmK/sdocfSAjqPETTMd0ug6HIMIAwkwUpU79olnZdQtMxpQP+G1wDzCH7na+FltSIhbaZuKdwZ8RDrw==

ansi-styles@^3.2.1:
  version "3.2.1"
  resolved "https://registry.npmmirror.com/ansi-styles/-/ansi-styles-3.2.1.tgz#41fbb20243e50b12be0f04b8dedbf07520ce841d"
  integrity sha512-VT0ZI6kZRdTh8YyJw3SMbYm/u+NqfsAxEpWO0Pf9sq8/e94WxxOpPKx9FR1FlyCtOVDNOQ+8ntlqFxiRc+r5qA==
  dependencies:
    color-convert "^1.9.0"

"chalk@<3 >=2":
  version "2.4.2"
  resolved "https://registry.npmmirror.com/chalk/-/chalk-2.4.2.tgz#cd42541677a54333cf541a49108c1432b44c9424"
  integrity sha512-Mti+f9lpJNcwF4tWV8/OrTTtF1gZi+f8FqlyAdouralcFWFQWF2+NgCHShjkCb+IFBLq9buZwE1xckQU4peSuQ==
  dependencies:
    ansi-styles "^3.2.1"
    escape-string-regexp "^1.0.5"
    supports-color "^5.3.0"

color-convert@^1.9.0:
  version "1.9.3"
  resolved "https://registry.npmmirror.com/color-convert/-/color-convert-1.9.3.tgz#bb71850690e1f136567de629d2d5471deda4c1e8"
  integrity sha512-QfAUtd+vFdAtFQcC8CCyYt1fYWxSqAiK2cSD6zDB8N3cpsEBAvRxp9zOGg6G/SHHJYAT88/az/IuDGALsNVbGg==
  dependencies:
    color-name "1.1.3"

color-name@1.1.3:
  version "1.1.3"
  resolved "https://registry.npmmirror.com/color-name/-/color-name-1.1.3.tgz#a7d0558bd89c42f795dd42328f740831ca53bc25"
  integrity sha512-72fSenhMw2HZMTVHeCA9KCmpEIbzWiQsjN+BHcBbS9vr1mtt+vJjPdksIBNUmKAW8TFUDPJK5SUU3QhE9NEXDw==

commander@^4.0.0:
  version "4.1.1"
  resolved "https://registry.npmmirror.com/commander/-/commander-4.1.1.tgz#9fd602bd936294e9e9ef46a3f4d6964044b18068"
  integrity sha512-NOKm8xhkzAjzFx8B2v5OAHT+u5pRQc2UCa2Vq9jYL/31o2wi9mxBA7LIFs3sV5VSC49z6pEhfbMULvShKj26WA==

debug-color2@^1:
  version "1.3.2"
  resolved "https://registry.npmmirror.com/debug-color2/-/debug-color2-1.3.2.tgz#da441c13576473fa19727cbcd5098a80423455a6"
  integrity sha512-EJne5VbcAu8xG+m7s/7f9I0XDCEr8jzDSgJujlTTkpeF6nM27IrTrD8GllhgEjtRgk+ye7YTow8rwksfPPNQPA==
  dependencies:
    "@types/luxon" "*"
    chalk "<3 >=2"
    env-bool "^2.0.1"
    luxon "^3.0.1"
    ts-type "^2.1.10"
    tslib "^2"

env-bool@^2.0.1:
  version "2.0.1"
  resolved "https://registry.npmmirror.com/env-bool/-/env-bool-2.0.1.tgz#19105e6491d3b3b1561e0166e9abb1782e1ff8e4"
  integrity sha512-+CaEpgdJ2S0Bnknj6/YkJkqFQdv7a+cE/UfO24BTFa6FiQV7SfNl10+h3vRSblH6+WRizKQjdiZ9rRlN8thaQg==

escape-string-regexp@^1.0.5:
  version "1.0.5"
  resolved "https://registry.npmmirror.com/escape-string-regexp/-/escape-string-regexp-1.0.5.tgz#1b61c0562190a8dff6ae3bb2cf0200ca130b86d4"
  integrity sha512-vbRorB5FUQWvla16U8R/qgaFIya2qGzwDrNmCZuYKrbdSUMG6I1ZCGQRefkRVhuOkIGVne7BQ35DSfo1qvJqFg==

has-flag@^3.0.0:
  version "3.0.0"
  resolved "https://registry.npmmirror.com/has-flag/-/has-flag-3.0.0.tgz#b5d454dc2199ae225699f3467e5a07f3b955bafd"
  integrity sha512-sKJf1+ceQBr4SMkvQnBDNDtf4TXpVhVGateu0t918bl30FnbE2m4vNLX+VWe/dpjlb+HugGYzW7uQXH98HPEYw==

iconv-jschardet@^2.0.28:
  version "2.0.28"
  resolved "https://registry.npmmirror.com/iconv-jschardet/-/iconv-jschardet-2.0.28.tgz#2c2f64f8b19a21486d832e88fe5e38436c2acb87"
  integrity sha512-jxgTSfCh2Dx/2VIQlQK3oJQdshYPggSkLlO4gBpbjW46vL5asTltup+p25GPVWwdAErKZJ2bDUNCChpJpdq+ZA==
  dependencies:
    debug-color2 "^1"
    env-bool "^2.0.1"
    iconv-lite "^0.6.3"
    jschardet "^3.0.0"
    tslib "^2"

iconv-lite@^0.6.3:
  version "0.6.3"
  resolved "https://registry.npmmirror.com/iconv-lite/-/iconv-lite-0.6.3.tgz#a52f80bf38da1952eb5c681790719871a1a72501"
  integrity sha512-4fCk79wshMdzMp2rH06qWrJE4iolqLhCUH+OiuIgU++RB0+94NlDL81atO7GX55uUKueo0txHNtvEyI6D7WdMw==
  dependencies:
    safer-buffer ">= 2.1.2 < 3.0.0"

js-md5@^0.7.3:
  version "0.7.3"
  resolved "https://registry.npmmirror.com/js-md5/-/js-md5-0.7.3.tgz#b4f2fbb0b327455f598d6727e38ec272cd09c3f2"
  integrity sha512-ZC41vPSTLKGwIRjqDh8DfXoCrdQIyBgspJVPXHBGu4nZlAEvG3nf+jO9avM9RmLiGakg7vz974ms99nEV0tmTQ==

jschardet@^3.0.0:
  version "3.0.0"
  resolved "https://registry.npmmirror.com/jschardet/-/jschardet-3.0.0.tgz#898d2332e45ebabbdb6bf2feece9feea9a99e882"
  integrity sha512-lJH6tJ77V8Nzd5QWRkFYCLc13a3vADkh3r/Fi8HupZGWk2OVVDfnZP8V/VgQgZ+lzW0kG2UGb5hFgt3V3ndotQ==

luxon@^3.0.1:
  version "3.0.1"
  resolved "https://registry.npmmirror.com/luxon/-/luxon-3.0.1.tgz#6901111d10ad06fd267ad4e4128a84bef8a77299"
  integrity sha512-hF3kv0e5gwHQZKz4wtm4c+inDtyc7elkanAsBq+fundaCdUBNJB1dHEGUZIM6SfSBUlbVFduPwEtNjFK8wLtcw==

"safer-buffer@>= 2.1.2 < 3.0.0":
  version "2.1.2"
  resolved "https://registry.npmmirror.com/safer-buffer/-/safer-buffer-2.1.2.tgz#44fa161b0187b9549dd84bb91802f9bd8385cd6a"
  integrity sha512-YZo3K82SD7Riyi0E1EQPojLz7kpepnSQI9IyPbHHg1XXXevb5dJI7tpyN2ADxGcQbHG7vcyRHk0cbwqcQriUtg==

supports-color@^5.3.0:
  version "5.5.0"
  resolved "https://registry.npmmirror.com/supports-color/-/supports-color-5.5.0.tgz#e2e69a44ac8772f78a1ec0b35b689df6530efc8f"
  integrity sha512-QjVjwdXIt408MIiAqCX4oUKsgU2EqAGzs2Ppkm4aQYbjm+ZEWEcW4SfFNTr4uMNZma0ey4f5lgLrkB0aX0QMow==
  dependencies:
    has-flag "^3.0.0"

ts-type@^2.1.10:
  version "2.1.10"
  resolved "https://registry.npmmirror.com/ts-type/-/ts-type-2.1.10.tgz#09ae593829af0023f5e0f98799121b362303f657"
  integrity sha512-cung450P5HbC+xTimzw8DcFqP4MjxH3aCt2m6IZMs0aMatEOIasPmtECKK1WChg9j/wB8U5zYFCRHcS6xmdSNw==
  dependencies:
    tslib "^2"
    typedarray-dts "^1.0.0"

tslib@^2:
  version "2.4.0"
  resolved "https://registry.npmmirror.com/tslib/-/tslib-2.4.0.tgz#7cecaa7f073ce680a05847aa77be941098f36dc3"
  integrity sha512-d6xOpEDfsi2CZVlPQzGeux8XMwLT9hssAsaPYExaQMuYskwb+x1x7J371tWlbBdWHroy99KnVB6qIkUbs5X3UQ==

typedarray-dts@^1.0.0:
  version "1.0.0"
  resolved "https://registry.npmmirror.com/typedarray-dts/-/typedarray-dts-1.0.0.tgz#9dec9811386dbfba964c295c2606cf9a6b982d06"
  integrity sha512-Ka0DBegjuV9IPYFT1h0Qqk5U4pccebNIJCGl8C5uU7xtOs+jpJvKGAY4fHGK25hTmXZOEUl9Cnsg5cS6K/b5DA==
